
Microsoft Visual Studio Solution File, Format Version 12.00
# Visual Studio Version 16
VisualStudioVersion = 25.0.1706.13
MinimumVisualStudioVersion = 10.0.40219.1
Project("{FAE04EC0-301F-11D3-BF4B-00C04F79EFBC}") = "Service1", "Service1\Service1.csproj", "{8D3230CE-B16C-4514-8B1D-0F8FD5D20822}"
EndProject
Project("{FAE04EC0-301F-11D3-BF4B-00C04F79EFBC}") = "Service2", "Service2\Service2.csproj", "{5CECBEA7-351A-4224-BAA7-0A5A6301129C}"
EndProject
Global
	GlobalSection(SolutionConfigurationPlatforms) = preSolution
		Debug|Any CPU = Debug|Any CPU
		Release|Any CPU = Release|Any CPU
	EndGlobalSection
	GlobalSection(ProjectConfigurationPlatforms) = postSolution
		{8D3230CE-B16C-4514-8B1D-0F8FD5D20822}.Debug|Any CPU.ActiveCfg = Debug|Any CPU
		{8D3230CE-B16C-4514-8B1D-0F8FD5D20822}.Debug|Any CPU.Build.0 = Debug|Any CPU
		{8D3230CE-B16C-4514-8B1D-0F8FD5D20822}.Release|Any CPU.ActiveCfg = Release|Any CPU
		{8D3230CE-B16C-4514-8B1D-0F8FD5D20822}.Release|Any CPU.Build.0 = Release|Any CPU
		{5CECBEA7-351A-4224-BAA7-0A5A6301129C}.Debug|Any CPU.ActiveCfg = Debug|Any CPU
		{5CECBEA7-351A-4224-BAA7-0A5A6301129C}.Debug|Any CPU.Build.0 = Debug|Any CPU
		{5CECBEA7-351A-4224-BAA7-0A5A6301129C}.Release|Any CPU.ActiveCfg = Release|Any CPU
		{5CECBEA7-351A-4224-BAA7-0A5A6301129C}.Release|Any CPU.Build.0 = Release|Any CPU
	EndGlobalSection
	GlobalSection(SolutionProperties) = preSolution
		HideSolutionNode = FALSE
	EndGlobalSection
	GlobalSection(ExtensibilityGlobals) = postSolution
		SolutionGuid = {8689BD40-8934-4820-934E-B5E43B86D1A3}
	EndGlobalSection
EndGlobal
